
Microsoft Visual Studio Solution File, Format Version 12.00
# Visual Studio Version 16
VisualStudioVersion = 16.0.30413.136
MinimumVisualStudioVersion = 10.0.40219.1
Project("{FAE04EC0-301F-11D3-BF4B-00C04F79EFBC}") = "ShakeShack-Kiosk", "ShakeShack-Kiosk\ShakeShack-Kiosk.csproj", "{055AEAC1-6476-4F39-ADEA-0C1CE5D67C42}"
EndProject
Global
	GlobalSection(SolutionConfigurationPlatforms) = preSolution
		Debug|Any CPU = Debug|Any CPU
		Release|Any CPU = Release|Any CPU
	EndGlobalSection
	GlobalSection(ProjectConfigurationPlatforms) = postSolution
		{055AEAC1-6476-4F39-ADEA-0C1CE5D67C42}.Debug|Any CPU.ActiveCfg = Debug|Any CPU
		{055AEAC1-6476-4F39-ADEA-0C1CE5D67C42}.Debug|Any CPU.Build.0 = Debug|Any CPU
		{055AEAC1-6476-4F39-ADEA-0C1CE5D67C42}.Release|Any CPU.ActiveCfg = Release|Any CPU
		{055AEAC1-6476-4F39-ADEA-0C1CE5D67C42}.Release|Any CPU.Build.0 = Release|Any CPU
	EndGlobalSection
	GlobalSection(SolutionProperties) = preSolution
		HideSolutionNode = FALSE
	EndGlobalSection
	GlobalSection(ExtensibilityGlobals) = postSolution
		SolutionGuid = {86F07900-5AFD-42FA-8F5D-F1E6F33CBC50}
	EndGlobalSection
EndGlobal
