
Microsoft Visual Studio Solution File, Format Version 12.00
# Visual Studio Version 16
VisualStudioVersion = 16.0.30517.126
MinimumVisualStudioVersion = 10.0.40219.1
Project("{FAE04EC0-301F-11D3-BF4B-00C04F79EFBC}") = "KQRCode", "KQRCode.csproj", "{62F1B37E-4BB2-442B-99A7-36279C5C0F3F}"
EndProject
Global
	GlobalSection(SolutionConfigurationPlatforms) = preSolution
		Debug|Any CPU = Debug|Any CPU
		Release|Any CPU = Release|Any CPU
	EndGlobalSection
	GlobalSection(ProjectConfigurationPlatforms) = postSolution
		{62F1B37E-4BB2-442B-99A7-36279C5C0F3F}.Debug|Any CPU.ActiveCfg = Debug|Any CPU
		{62F1B37E-4BB2-442B-99A7-36279C5C0F3F}.Debug|Any CPU.Build.0 = Debug|Any CPU
		{62F1B37E-4BB2-442B-99A7-36279C5C0F3F}.Release|Any CPU.ActiveCfg = Release|Any CPU
		{62F1B37E-4BB2-442B-99A7-36279C5C0F3F}.Release|Any CPU.Build.0 = Release|Any CPU
	EndGlobalSection
	GlobalSection(SolutionProperties) = preSolution
		HideSolutionNode = FALSE
	EndGlobalSection
	GlobalSection(ExtensibilityGlobals) = postSolution
		SolutionGuid = {557A2906-6168-4003-AEF3-0CE1B3714195}
	EndGlobalSection
EndGlobal
